// !$*UTF8*$!
{
	archiveVersion = 1;
	classes = {
	};
	objectVersion = 50;
	objects = {

/* Begin PBXBuildFile section */
		BDCD533924C9C41200EF200D /* AppDelegate.swift in Sources */ = {isa = PBXBuildFile; fileRef = BDCD533824C9C41200EF200D /* AppDelegate.swift */; };
		BDCD533B24C9C41200EF200D /* SceneDelegate.swift in Sources */ = {isa = PBXBuildFile; fileRef = BDCD533A24C9C41200EF200D /* SceneDelegate.swift */; };
		BDCD533D24C9C41200EF200D /* ViewController.swift in Sources */ = {isa = PBXBuildFile; fileRef = BDCD533C24C9C41200EF200D /* ViewController.swift */; };
		BDCD534024C9C41200EF200D /* Main.storyboard in Resources */ = {isa = PBXBuildFile; fileRef = BDCD533E24C9C41200EF200D /* Main.storyboard */; };
		BDCD534224C9C41400EF200D /* Assets.xcassets in Resources */ = {isa = PBXBuildFile; fileRef = BDCD534124C9C41400EF200D /* Assets.xcassets */; };
		BDCD534524C9C41400EF200D /* LaunchScreen.storyboard in Resources */ = {isa = PBXBuildFile; fileRef = BDCD534324C9C41400EF200D /* LaunchScreen.storyboard */; };
		BDCD534D24C9C4E700EF200D /* FlowerClassifier.mlmodel in Sources */ = {isa = PBXBuildFile; fileRef = BDCD534C24C9C4E700EF200D /* FlowerClassifier.mlmodel */; };
		D4B4F56502190B02924F2B07 /* Pods_Guess_The_Flower.framework in Frameworks */ = {isa = PBXBuildFile; fileRef = A7D383C2DFD94CB949D41403 /* Pods_Guess_The_Flower.framework */; };
/* End PBXBuildFile section */

/* Begin PBXFileReference section */
		230AAD7014D53B3C2FBF6178 /* Pods-Guess The Flower.release.xcconfig */ = {isa = PBXFileReference; includeInIndex = 1; lastKnownFileType = text.xcconfig; name = "Pods-Guess The Flower.release.xcconfig"; path = "Target Support Files/Pods-Guess The Flower/Pods-Guess The Flower.release.xcconfig"; sourceTree = "<group>"; };
		A7D383C2DFD94CB949D41403 /* Pods_Guess_The_Flower.framework */ = {isa = PBXFileReference; explicitFileType = wrapper.framework; includeInIndex = 0; path = Pods_Guess_The_Flower.framework; sourceTree = BUILT_PRODUCTS_DIR; };
		BDCD533524C9C41200EF200D /* Guess The Flower.app */ = {isa = PBXFileReference; explicitFileType = wrapper.application; includeInIndex = 0; path = "Guess The Flower.app"; sourceTree = BUILT_PRODUCTS_DIR; };
		BDCD533824C9C41200EF200D /* AppDelegate.swift */ = {isa = PBXFileReference; lastKnownFileType = sourcecode.swift; path = AppDelegate.swift; sourceTree = "<group>"; };
		BDCD533A24C9C41200EF200D /* SceneDelegate.swift */ = {isa = PBXFileReference; lastKnownFileType = sourcecode.swift; path = SceneDelegate.swift; sourceTree = "<group>"; };
		BDCD533C24C9C41200EF200D /* ViewController.swift */ = {isa = PBXFileReference; lastKnownFileType = sourcecode.swift; path = ViewController.swift; sourceTree = "<group>"; };
		BDCD533F24C9C41200EF200D /* Base */ = {isa = PBXFileReference; lastKnownFileType = file.storyboard; name = Base; path = Base.lproj/Main.storyboard; sourceTree = "<group>"; };
		BDCD534124C9C41400EF200D /* Assets.xcassets */ = {isa = PBXFileReference; lastKnownFileType = folder.assetcatalog; path = Assets.xcassets; sourceTree = "<group>"; };
		BDCD534424C9C41400EF200D /* Base */ = {isa = PBXFileReference; lastKnownFileType = file.storyboard; name = Base; path = Base.lproj/LaunchScreen.storyboard; sourceTree = "<group>"; };
		BDCD534624C9C41400EF200D /* Info.plist */ = {isa = PBXFileReference; lastKnownFileType = text.plist.xml; path = Info.plist; sourceTree = "<group>"; };
		BDCD534C24C9C4E700EF200D /* FlowerClassifier.mlmodel */ = {isa = PBXFileReference; lastKnownFileType = file.mlmodel; path = FlowerClassifier.mlmodel; sourceTree = "<group>"; };
		D0C479B58CF82555F3E82059 /* Pods-Guess The Flower.debug.xcconfig */ = {isa = PBXFileReference; includeInIndex = 1; lastKnownFileType = text.xcconfig; name = "Pods-Guess The Flower.debug.xcconfig"; path = "Target Support Files/Pods-Guess The Flower/Pods-Guess The Flower.debug.xcconfig"; sourceTree = "<group>"; };
/* End PBXFileReference section */

/* Begin PBXFrameworksBuildPhase section */
		BDCD533224C9C41200EF200D /* Frameworks */ = {
			isa = PBXFrameworksBuildPhase;
			buildActionMask = 2147483647;
			files = (
				D4B4F56502190B02924F2B07 /* Pods_Guess_The_Flower.framework in Frameworks */,
			);
			runOnlyForDeploymentPostprocessing = 0;
		};
/* End PBXFrameworksBuildPhase section */

/* Begin PBXGroup section */
		40FF7FCAE3D1A6FB52B63552 /* Frameworks */ = {
			isa = PBXGroup;
			children = (
				A7D383C2DFD94CB949D41403 /* Pods_Guess_The_Flower.framework */,
			);
			name = Frameworks;
			sourceTree = "<group>";
		};
		BDCD532C24C9C41100EF200D = {
			isa = PBXGroup;
			children = (
				BDCD533724C9C41200EF200D /* Guess The Flower */,
				BDCD533624C9C41200EF200D /* Products */,
				D9929D8C4BAC4203ED120242 /* Pods */,
				40FF7FCAE3D1A6FB52B63552 /* Frameworks */,
			);
			sourceTree = "<group>";
		};
		BDCD533624C9C41200EF200D /* Products */ = {
			isa = PBXGroup;
			children = (
				BDCD533524C9C41200EF200D /* Guess The Flower.app */,
			);
			name = Products;
			sourceTree = "<group>";
		};
		BDCD533724C9C41200EF200D /* Guess The Flower */ = {
			isa = PBXGroup;
			children = (
				BDCD533824C9C41200EF200D /* AppDelegate.swift */,
				BDCD533A24C9C41200EF200D /* SceneDelegate.swift */,
				BDCD533C24C9C41200EF200D /* ViewController.swift */,
				BDCD533E24C9C41200EF200D /* Main.storyboard */,
				BDCD534124C9C41400EF200D /* Assets.xcassets */,
				BDCD534324C9C41400EF200D /* LaunchScreen.storyboard */,
				BDCD534624C9C41400EF200D /* Info.plist */,
				BDCD534C24C9C4E700EF200D /* FlowerClassifier.mlmodel */,
			);
			path = "Guess The Flower";
			sourceTree = "<group>";
		};
		D9929D8C4BAC4203ED120242 /* Pods */ = {
			isa = PBXGroup;
			children = (
				D0C479B58CF82555F3E82059 /* Pods-Guess The Flower.debug.xcconfig */,
				230AAD7014D53B3C2FBF6178 /* Pods-Guess The Flower.release.xcconfig */,
			);
			name = Pods;
			path = Pods;
			sourceTree = "<group>";
		};
/* End PBXGroup section */

/* Begin PBXNativeTarget section */
		BDCD533424C9C41200EF200D /* Guess The Flower */ = {
			isa = PBXNativeTarget;
			buildConfigurationList = BDCD534924C9C41400EF200D /* Build configuration list for PBXNativeTarget "Guess The Flower" */;
			buildPhases = (
				AD382E9D7B412A3AEA3FEEA8 /* [CP] Check Pods Manifest.lock */,
				BDCD533124C9C41200EF200D /* Sources */,
				BDCD533224C9C41200EF200D /* Frameworks */,
				BDCD533324C9C41200EF200D /* Resources */,
				F2C3B2383E4E037230FCDEF3 /* [CP] Embed Pods Frameworks */,
			);
			buildRules = (
			);
			dependencies = (
			);
			name = "Guess The Flower";
			productName = "Guess The Flower";
			productReference = BDCD533524C9C41200EF200D /* Guess The Flower.app */;
			productType = "com.apple.product-type.application";
		};
/* End PBXNativeTarget section */

/* Begin PBXProject section */
		BDCD532D24C9C41100EF200D /* Project object */ = {
			isa = PBXProject;
			attributes = {
				LastSwiftUpdateCheck = 1150;
				LastUpgradeCheck = 1150;
				ORGANIZATIONNAME = "Sahil Joshi";
				TargetAttributes = {
					BDCD533424C9C41200EF200D = {
						CreatedOnToolsVersion = 11.5;
					};
				};
			};
			buildConfigurationList = BDCD533024C9C41100EF200D /* Build configuration list for PBXProject "Guess The Flower" */;
			compatibilityVersion = "Xcode 9.3";
			developmentRegion = en;
			hasScannedForEncodings = 0;
			knownRegions = (
				en,
				Base,
			);
			mainGroup = BDCD532C24C9C41100EF200D;
			productRefGroup = BDCD533624C9C41200EF200D /* Products */;
			projectDirPath = "";
			projectRoot = "";
			targets = (
				BDCD533424C9C41200EF200D /* Guess The Flower */,
			);
		};
/* End PBXProject section */

/* Begin PBXResourcesBuildPhase section */
		BDCD533324C9C41200EF200D /* Resources */ = {
			isa = PBXResourcesBuildPhase;
			buildActionMask = 2147483647;
			files = (
				BDCD534524C9C41400EF200D /* LaunchScreen.storyboard in Resources */,
				BDCD534224C9C41400EF200D /* Assets.xcassets in Resources */,
				BDCD534024C9C41200EF200D /* Main.storyboard in Resources */,
			);
			runOnlyForDeploymentPostprocessing = 0;
		};
/* End PBXResourcesBuildPhase section */

/* Begin PBXShellScriptBuildPhase section */
		AD382E9D7B412A3AEA3FEEA8 /* [CP] Check Pods Manifest.lock */ = {
			isa = PBXShellScriptBuildPhase;
			buildActionMask = 2147483647;
			files = (
			);
			inputFileListPaths = (
			);
			inputPaths = (
				"${PODS_PODFILE_DIR_PATH}/Podfile.lock",
				"${PODS_ROOT}/Manifest.lock",
			);
			name = "[CP] Check Pods Manifest.lock";
			outputFileListPaths = (
			);
			outputPaths = (
				"$(DERIVED_FILE_DIR)/Pods-Guess The Flower-checkManifestLockResult.txt",
			);
			runOnlyForDeploymentPostprocessing = 0;
			shellPath = /bin/sh;
			shellScript = "diff \"${PODS_PODFILE_DIR_PATH}/Podfile.lock\" \"${PODS_ROOT}/Manifest.lock\" > /dev/null\nif [ $? != 0 ] ; then\n    # print error to STDERR\n    echo \"error: The sandbox is not in sync with the Podfile.lock. Run 'pod install' or update your CocoaPods installation.\" >&2\n    exit 1\nfi\n# This output is used by Xcode 'outputs' to avoid re-running this script phase.\necho \"SUCCESS\" > \"${SCRIPT_OUTPUT_FILE_0}\"\n";
			showEnvVarsInLog = 0;
		};
		F2C3B2383E4E037230FCDEF3 /* [CP] Embed Pods Frameworks */ = {
			isa = PBXShellScriptBuildPhase;
			buildActionMask = 2147483647;
			files = (
			);
			inputFileListPaths = (
				"${PODS_ROOT}/Target Support Files/Pods-Guess The Flower/Pods-Guess The Flower-frameworks-${CONFIGURATION}-input-files.xcfilelist",
			);
			name = "[CP] Embed Pods Frameworks";
			outputFileListPaths = (
				"${PODS_ROOT}/Target Support Files/Pods-Guess The Flower/Pods-Guess The Flower-frameworks-${CONFIGURATION}-output-files.xcfilelist",
			);
			runOnlyForDeploymentPostprocessing = 0;
			shellPath = /bin/sh;
			shellScript = "\"${PODS_ROOT}/Target Support Files/Pods-Guess The Flower/Pods-Guess The Flower-frameworks.sh\"\n";
			showEnvVarsInLog = 0;
		};
/* End PBXShellScriptBuildPhase section */

/* Begin PBXSourcesBuildPhase section */
		BDCD533124C9C41200EF200D /* Sources */ = {
			isa = PBXSourcesBuildPhase;
			buildActionMask = 2147483647;
			files = (
				BDCD534D24C9C4E700EF200D /* FlowerClassifier.mlmodel in Sources */,
				BDCD533D24C9C41200EF200D /* ViewController.swift in Sources */,
				BDCD533924C9C41200EF200D /* AppDelegate.swift in Sources */,
				BDCD533B24C9C41200EF200D /* SceneDelegate.swift in Sources */,
			);
			runOnlyForDeploymentPostprocessing = 0;
		};
/* End PBXSourcesBuildPhase section */

/* Begin PBXVariantGroup section */
		BDCD533E24C9C41200EF200D /* Main.storyboard */ = {
			isa = PBXVariantGroup;
			children = (
				BDCD533F24C9C41200EF200D /* Base */,
			);
			name = Main.storyboard;
			sourceTree = "<group>";
		};
		BDCD534324C9C41400EF200D /* LaunchScreen.storyboard */ = {
			isa = PBXVariantGroup;
			children = (
				BDCD534424C9C41400EF200D /* Base */,
			);
			name = LaunchScreen.storyboard;
			sourceTree = "<group>";
		};
/* End PBXVariantGroup section */

/* Begin XCBuildConfiguration section */
		BDCD534724C9C41400EF200D /* Debug */ = {
			isa = XCBuildConfiguration;
			buildSettings = {
				ALWAYS_SEARCH_USER_PATHS = NO;
				CLANG_ANALYZER_NONNULL = YES;
				CLANG_ANALYZER_NUMBER_OBJECT_CONVERSION = YES_AGGRESSIVE;
				CLANG_CXX_LANGUAGE_STANDARD = "gnu++14";
				CLANG_CXX_LIBRARY = "libc++";
				CLANG_ENABLE_MODULES = YES;
				CLANG_ENABLE_OBJC_ARC = YES;
				CLANG_ENABLE_OBJC_WEAK = YES;
				CLANG_WARN_BLOCK_CAPTURE_AUTORELEASING = YES;
				CLANG_WARN_BOOL_CONVERSION = YES;
				CLANG_WARN_COMMA = YES;
				CLANG_WARN_CONSTANT_CONVERSION = YES;
				CLANG_WARN_DEPRECATED_OBJC_IMPLEMENTATIONS = YES;
				CLANG_WARN_DIRECT_OBJC_ISA_USAGE = YES_ERROR;
				CLANG_WARN_DOCUMENTATION_COMMENTS = YES;
				CLANG_WARN_EMPTY_BODY = YES;
				CLANG_WARN_ENUM_CONVERSION = YES;
				CLANG_WARN_INFINITE_RECURSION = YES;
				CLANG_WARN_INT_CONVERSION = YES;
				CLANG_WARN_NON_LITERAL_NULL_CONVERSION = YES;
				CLANG_WARN_OBJC_IMPLICIT_RETAIN_SELF = YES;
				CLANG_WARN_OBJC_LITERAL_CONVERSION = YES;
				CLANG_WARN_OBJC_ROOT_CLASS = YES_ERROR;
				CLANG_WARN_RANGE_LOOP_ANALYSIS = YES;
				CLANG_WARN_STRICT_PROTOTYPES = YES;
				CLANG_WARN_SUSPICIOUS_MOVE = YES;
				CLANG_WARN_UNGUARDED_AVAILABILITY = YES_AGGRESSIVE;
				CLANG_WARN_UNREACHABLE_CODE = YES;
				CLANG_WARN__DUPLICATE_METHOD_MATCH = YES;
				COPY_PHASE_STRIP = NO;
				DEBUG_INFORMATION_FORMAT = dwarf;
				ENABLE_STRICT_OBJC_MSGSEND = YES;
				ENABLE_TESTABILITY = YES;
				GCC_C_LANGUAGE_STANDARD = gnu11;
				GCC_DYNAMIC_NO_PIC = NO;
				GCC_NO_COMMON_BLOCKS = YES;
				GCC_OPTIMIZATION_LEVEL = 0;
				GCC_PREPROCESSOR_DEFINITIONS = (
					"DEBUG=1",
					"$(inherited)",
				);
				GCC_WARN_64_TO_32_BIT_CONVERSION = YES;
				GCC_WARN_ABOUT_RETURN_TYPE = YES_ERROR;
				GCC_WARN_UNDECLARED_SELECTOR = YES;
				GCC_WARN_UNINITIALIZED_AUTOS = YES_AGGRESSIVE;
				GCC_WARN_UNUSED_FUNCTION = YES;
				GCC_WARN_UNUSED_VARIABLE = YES;
				IPHONEOS_DEPLOYMENT_TARGET = 13.5;
				MTL_ENABLE_DEBUG_INFO = INCLUDE_SOURCE;
				MTL_FAST_MATH = YES;
				ONLY_ACTIVE_ARCH = YES;
				SDKROOT = iphoneos;
				SWIFT_ACTIVE_COMPILATION_CONDITIONS = DEBUG;
				SWIFT_OPTIMIZATION_LEVEL = "-Onone";
			};
			name = Debug;
		};
		BDCD534824C9C41400EF200D /* Release */ = {
			isa = XCBuildConfiguration;
			buildSettings = {
				ALWAYS_SEARCH_USER_PATHS = NO;
				CLANG_ANALYZER_NONNULL = YES;
				CLANG_ANALYZER_NUMBER_OBJECT_CONVERSION = YES_AGGRESSIVE;
				CLANG_CXX_LANGUAGE_STANDARD = "gnu++14";
				CLANG_CXX_LIBRARY = "libc++";
				CLANG_ENABLE_MODULES = YES;
				CLANG_ENABLE_OBJC_ARC = YES;
				CLANG_ENABLE_OBJC_WEAK = YES;
				CLANG_WARN_BLOCK_CAPTURE_AUTORELEASING = YES;
				CLANG_WARN_BOOL_CONVERSION = YES;
				CLANG_WARN_COMMA = YES;
				CLANG_WARN_CONSTANT_CONVERSION = YES;
				CLANG_WARN_DEPRECATED_OBJC_IMPLEMENTATIONS = YES;
				CLANG_WARN_DIRECT_OBJC_ISA_USAGE = YES_ERROR;
				CLANG_WARN_DOCUMENTATION_COMMENTS = YES;
				CLANG_WARN_EMPTY_BODY = YES;
				CLANG_WARN_ENUM_CONVERSION = YES;
				CLANG_WARN_INFINITE_RECURSION = YES;
				CLANG_WARN_INT_CONVERSION = YES;
				CLANG_WARN_NON_LITERAL_NULL_CONVERSION = YES;
				CLANG_WARN_OBJC_IMPLICIT_RETAIN_SELF = YES;
				CLANG_WARN_OBJC_LITERAL_CONVERSION = YES;
				CLANG_WARN_OBJC_ROOT_CLASS = YES_ERROR;
				CLANG_WARN_RANGE_LOOP_ANALYSIS = YES;
				CLANG_WARN_STRICT_PROTOTYPES = YES;
				CLANG_WARN_SUSPICIOUS_MOVE = YES;
				CLANG_WARN_UNGUARDED_AVAILABILITY = YES_AGGRESSIVE;
				CLANG_WARN_UNREACHABLE_CODE = YES;
				CLANG_WARN__DUPLICATE_METHOD_MATCH = YES;
				COPY_PHASE_STRIP = NO;
				DEBUG_INFORMATION_FORMAT = "dwarf-with-dsym";
				ENABLE_NS_ASSERTIONS = NO;
				ENABLE_STRICT_OBJC_MSGSEND = YES;
				GCC_C_LANGUAGE_STANDARD = gnu11;
				GCC_NO_COMMON_BLOCKS = YES;
				GCC_WARN_64_TO_32_BIT_CONVERSION = YES;
				GCC_WARN_ABOUT_RETURN_TYPE = YES_ERROR;
				GCC_WARN_UNDECLARED_SELECTOR = YES;
				GCC_WARN_UNINITIALIZED_AUTOS = YES_AGGRESSIVE;
				GCC_WARN_UNUSED_FUNCTION = YES;
				GCC_WARN_UNUSED_VARIABLE = YES;
				IPHONEOS_DEPLOYMENT_TARGET = 13.5;
				MTL_ENABLE_DEBUG_INFO = NO;
				MTL_FAST_MATH = YES;
				SDKROOT = iphoneos;
				SWIFT_COMPILATION_MODE = wholemodule;
				SWIFT_OPTIMIZATION_LEVEL = "-O";
				VALIDATE_PRODUCT = YES;
			};
			name = Release;
		};
		BDCD534A24C9C41400EF200D /* Debug */ = {
			isa = XCBuildConfiguration;
			baseConfigurationReference = D0C479B58CF82555F3E82059 /* Pods-Guess The Flower.debug.xcconfig */;
			buildSettings = {
				ASSETCATALOG_COMPILER_APPICON_NAME = AppIcon;
				CODE_SIGN_STYLE = Automatic;
				DEVELOPMENT_TEAM = 4DG4CW472J;
				INFOPLIST_FILE = "Guess The Flower/Info.plist";
				LD_RUNPATH_SEARCH_PATHS = (
					"$(inherited)",
					"@executable_path/Frameworks",
				);
				PRODUCT_BUNDLE_IDENTIFIER = "com.sahiljoshi.Guess-The-Flower";
				PRODUCT_NAME = "$(TARGET_NAME)";
				SWIFT_VERSION = 5.0;
				TARGETED_DEVICE_FAMILY = "1,2";
			};
			name = Debug;
		};
		BDCD534B24C9C41400EF200D /* Release */ = {
			isa = XCBuildConfiguration;
			baseConfigurationReference = 230AAD7014D53B3C2FBF6178 /* Pods-Guess The Flower.release.xcconfig */;
			buildSettings = {
				ASSETCATALOG_COMPILER_APPICON_NAME = AppIcon;
				CODE_SIGN_STYLE = Automatic;
				DEVELOPMENT_TEAM = 4DG4CW472J;
				INFOPLIST_FILE = "Guess The Flower/Info.plist";
				LD_RUNPATH_SEARCH_PATHS = (
					"$(inherited)",
					"@executable_path/Frameworks",
				);
				PRODUCT_BUNDLE_IDENTIFIER = "com.sahiljoshi.Guess-The-Flower";
				PRODUCT_NAME = "$(TARGET_NAME)";
				SWIFT_VERSION = 5.0;
				TARGETED_DEVICE_FAMILY = "1,2";
			};
			name = Release;
		};
/* End XCBuildConfiguration section */

/* Begin XCConfigurationList section */
		BDCD533024C9C41100EF200D /* Build configuration list for PBXProject "Guess The Flower" */ = {
			isa = XCConfigurationList;
			buildConfigurations = (
				BDCD534724C9C41400EF200D /* Debug */,
				BDCD534824C9C41400EF200D /* Release */,
			);
			defaultConfigurationIsVisible = 0;
			defaultConfigurationName = Release;
		};
		BDCD534924C9C41400EF200D /* Build configuration list for PBXNativeTarget "Guess The Flower" */ = {
			isa = XCConfigurationList;
			buildConfigurations = (
				BDCD534A24C9C41400EF200D /* Debug */,
				BDCD534B24C9C41400EF200D /* Release */,
			);
			defaultConfigurationIsVisible = 0;
			defaultConfigurationName = Release;
		};
/* End XCConfigurationList section */
	};
	rootObject = BDCD532D24C9C41100EF200D /* Project object */;
}
